
Microsoft Visual Studio Solution File, Format Version 12.00
# Visual Studio Version 17
VisualStudioVersion = 17.14.36603.0 d17.14
MinimumVisualStudioVersion = 10.0.40219.1
Project("{FAE04EC0-301F-11D3-BF4B-00C04F79EFBC}") = "MetaTune", "MetaTune\MetaTune.csproj", "{30CE9D8C-A8EC-4614-8FAF-A903CFEB2AC7}"
EndProject
Global
	GlobalSection(SolutionConfigurationPlatforms) = preSolution
		Debug|Any CPU = Debug|Any CPU
		Release|Any CPU = Release|Any CPU
	EndGlobalSection
	GlobalSection(ProjectConfigurationPlatforms) = postSolution
		{30CE9D8C-A8EC-4614-8FAF-A903CFEB2AC7}.Debug|Any CPU.ActiveCfg = Debug|Any CPU
		{30CE9D8C-A8EC-4614-8FAF-A903CFEB2AC7}.Debug|Any CPU.Build.0 = Debug|Any CPU
		{30CE9D8C-A8EC-4614-8FAF-A903CFEB2AC7}.Release|Any CPU.ActiveCfg = Release|Any CPU
		{30CE9D8C-A8EC-4614-8FAF-A903CFEB2AC7}.Release|Any CPU.Build.0 = Release|Any CPU
	EndGlobalSection
	GlobalSection(SolutionProperties) = preSolution
		HideSolutionNode = FALSE
	EndGlobalSection
	GlobalSection(ExtensibilityGlobals) = postSolution
		SolutionGuid = {14C1CEAE-6BEB-4BFD-A230-ECFD32557D57}
	EndGlobalSection
EndGlobal
